// !$*UTF8*$!
{
	archiveVersion = 1;
	classes = {
	};
	objectVersion = 55;
	objects = {

/* Begin PBXBuildFile section */
		75532C7827E86D6900340227 /* AppDelegate.swift in Sources */ = {isa = PBXBuildFile; fileRef = 75532C7727E86D6900340227 /* AppDelegate.swift */; };
		75532C7A27E86D6900340227 /* SceneDelegate.swift in Sources */ = {isa = PBXBuildFile; fileRef = 75532C7927E86D6900340227 /* SceneDelegate.swift */; };
		75532C7C27E86D6900340227 /* ViewController.swift in Sources */ = {isa = PBXBuildFile; fileRef = 75532C7B27E86D6900340227 /* ViewController.swift */; };
		75532C7F27E86D6900340227 /* Main.storyboard in Resources */ = {isa = PBXBuildFile; fileRef = 75532C7D27E86D6900340227 /* Main.storyboard */; };
		75532C8227E86D6900340227 /* WordValueCalculator.xcdatamodeld in Sources */ = {isa = PBXBuildFile; fileRef = 75532C8027E86D6900340227 /* WordValueCalculator.xcdatamodeld */; };
		75532C8427E86D6B00340227 /* Assets.xcassets in Resources */ = {isa = PBXBuildFile; fileRef = 75532C8327E86D6B00340227 /* Assets.xcassets */; };
		75532C8727E86D6B00340227 /* LaunchScreen.storyboard in Resources */ = {isa = PBXBuildFile; fileRef = 75532C8527E86D6B00340227 /* LaunchScreen.storyboard */; };
		75532C9227E86D6B00340227 /* WordValueCalculatorTests.swift in Sources */ = {isa = PBXBuildFile; fileRef = 75532C9127E86D6B00340227 /* WordValueCalculatorTests.swift */; };
		75532C9C27E86D6B00340227 /* WordValueCalculatorUITests.swift in Sources */ = {isa = PBXBuildFile; fileRef = 75532C9B27E86D6B00340227 /* WordValueCalculatorUITests.swift */; };
		75532C9E27E86D6B00340227 /* WordValueCalculatorUITestsLaunchTests.swift in Sources */ = {isa = PBXBuildFile; fileRef = 75532C9D27E86D6B00340227 /* WordValueCalculatorUITestsLaunchTests.swift */; };
/* End PBXBuildFile section */

/* Begin PBXContainerItemProxy section */
		75532C8E27E86D6B00340227 /* PBXContainerItemProxy */ = {
			isa = PBXContainerItemProxy;
			containerPortal = 75532C6C27E86D6900340227 /* Project object */;
			proxyType = 1;
			remoteGlobalIDString = 75532C7327E86D6900340227;
			remoteInfo = WordValueCalculator;
		};
		75532C9827E86D6B00340227 /* PBXContainerItemProxy */ = {
			isa = PBXContainerItemProxy;
			containerPortal = 75532C6C27E86D6900340227 /* Project object */;
			proxyType = 1;
			remoteGlobalIDString = 75532C7327E86D6900340227;
			remoteInfo = WordValueCalculator;
		};
/* End PBXContainerItemProxy section */

/* Begin PBXFileReference section */
		75532C7427E86D6900340227 /* WordValueCalculator.app */ = {isa = PBXFileReference; explicitFileType = wrapper.application; includeInIndex = 0; path = WordValueCalculator.app; sourceTree = BUILT_PRODUCTS_DIR; };
		75532C7727E86D6900340227 /* AppDelegate.swift */ = {isa = PBXFileReference; lastKnownFileType = sourcecode.swift; path = AppDelegate.swift; sourceTree = "<group>"; };
		75532C7927E86D6900340227 /* SceneDelegate.swift */ = {isa = PBXFileReference; lastKnownFileType = sourcecode.swift; path = SceneDelegate.swift; sourceTree = "<group>"; };
		75532C7B27E86D6900340227 /* ViewController.swift */ = {isa = PBXFileReference; lastKnownFileType = sourcecode.swift; path = ViewController.swift; sourceTree = "<group>"; };
		75532C7E27E86D6900340227 /* Base */ = {isa = PBXFileReference; lastKnownFileType = file.storyboard; name = Base; path = Base.lproj/Main.storyboard; sourceTree = "<group>"; };
		75532C8127E86D6900340227 /* WordValueCalculator.xcdatamodel */ = {isa = PBXFileReference; lastKnownFileType = wrapper.xcdatamodel; path = WordValueCalculator.xcdatamodel; sourceTree = "<group>"; };
		75532C8327E86D6B00340227 /* Assets.xcassets */ = {isa = PBXFileReference; lastKnownFileType = folder.assetcatalog; path = Assets.xcassets; sourceTree = "<group>"; };
		75532C8627E86D6B00340227 /* Base */ = {isa = PBXFileReference; lastKnownFileType = file.storyboard; name = Base; path = Base.lproj/LaunchScreen.storyboard; sourceTree = "<group>"; };
		75532C8827E86D6B00340227 /* Info.plist */ = {isa = PBXFileReference; lastKnownFileType = text.plist.xml; path = Info.plist; sourceTree = "<group>"; };
		75532C8D27E86D6B00340227 /* WordValueCalculatorTests.xctest */ = {isa = PBXFileReference; explicitFileType = wrapper.cfbundle; includeInIndex = 0; path = WordValueCalculatorTests.xctest; sourceTree = BUILT_PRODUCTS_DIR; };
		75532C9127E86D6B00340227 /* WordValueCalculatorTests.swift */ = {isa = PBXFileReference; lastKnownFileType = sourcecode.swift; path = WordValueCalculatorTests.swift; sourceTree = "<group>"; };
		75532C9727E86D6B00340227 /* WordValueCalculatorUITests.xctest */ = {isa = PBXFileReference; explicitFileType = wrapper.cfbundle; includeInIndex = 0; path = WordValueCalculatorUITests.xctest; sourceTree = BUILT_PRODUCTS_DIR; };
		75532C9B27E86D6B00340227 /* WordValueCalculatorUITests.swift */ = {isa = PBXFileReference; lastKnownFileType = sourcecode.swift; path = WordValueCalculatorUITests.swift; sourceTree = "<group>"; };
		75532C9D27E86D6B00340227 /* WordValueCalculatorUITestsLaunchTests.swift */ = {isa = PBXFileReference; lastKnownFileType = sourcecode.swift; path = WordValueCalculatorUITestsLaunchTests.swift; sourceTree = "<group>"; };
/* End PBXFileReference section */

/* Begin PBXFrameworksBuildPhase section */
		75532C7127E86D6900340227 /* Frameworks */ = {
			isa = PBXFrameworksBuildPhase;
			buildActionMask = 2147483647;
			files = (
			);
			runOnlyForDeploymentPostprocessing = 0;
		};
		75532C8A27E86D6B00340227 /* Frameworks */ = {
			isa = PBXFrameworksBuildPhase;
			buildActionMask = 2147483647;
			files = (
			);
			runOnlyForDeploymentPostprocessing = 0;
		};
		75532C9427E86D6B00340227 /* Frameworks */ = {
			isa = PBXFrameworksBuildPhase;
			buildActionMask = 2147483647;
			files = (
			);
			runOnlyForDeploymentPostprocessing = 0;
		};
/* End PBXFrameworksBuildPhase section */

/* Begin PBXGroup section */
		75532C6B27E86D6900340227 = {
			isa = PBXGroup;
			children = (
				75532C7627E86D6900340227 /* WordValueCalculator */,
				75532C9027E86D6B00340227 /* WordValueCalculatorTests */,
				75532C9A27E86D6B00340227 /* WordValueCalculatorUITests */,
				75532C7527E86D6900340227 /* Products */,
			);
			sourceTree = "<group>";
		};
		75532C7527E86D6900340227 /* Products */ = {
			isa = PBXGroup;
			children = (
				75532C7427E86D6900340227 /* WordValueCalculator.app */,
				75532C8D27E86D6B00340227 /* WordValueCalculatorTests.xctest */,
				75532C9727E86D6B00340227 /* WordValueCalculatorUITests.xctest */,
			);
			name = Products;
			sourceTree = "<group>";
		};
		75532C7627E86D6900340227 /* WordValueCalculator */ = {
			isa = PBXGroup;
			children = (
				75532C7727E86D6900340227 /* AppDelegate.swift */,
				75532C7927E86D6900340227 /* SceneDelegate.swift */,
				75532C7B27E86D6900340227 /* ViewController.swift */,
				75532C7D27E86D6900340227 /* Main.storyboard */,
				75532C8327E86D6B00340227 /* Assets.xcassets */,
				75532C8527E86D6B00340227 /* LaunchScreen.storyboard */,
				75532C8827E86D6B00340227 /* Info.plist */,
				75532C8027E86D6900340227 /* WordValueCalculator.xcdatamodeld */,
			);
			path = WordValueCalculator;
			sourceTree = "<group>";
		};
		75532C9027E86D6B00340227 /* WordValueCalculatorTests */ = {
			isa = PBXGroup;
			children = (
				75532C9127E86D6B00340227 /* WordValueCalculatorTests.swift */,
			);
			path = WordValueCalculatorTests;
			sourceTree = "<group>";
		};
		75532C9A27E86D6B00340227 /* WordValueCalculatorUITests */ = {
			isa = PBXGroup;
			children = (
				75532C9B27E86D6B00340227 /* WordValueCalculatorUITests.swift */,
				75532C9D27E86D6B00340227 /* WordValueCalculatorUITestsLaunchTests.swift */,
			);
			path = WordValueCalculatorUITests;
			sourceTree = "<group>";
		};
/* End PBXGroup section */

/* Begin PBXNativeTarget section */
		75532C7327E86D6900340227 /* WordValueCalculator */ = {
			isa = PBXNativeTarget;
			buildConfigurationList = 75532CA127E86D6B00340227 /* Build configuration list for PBXNativeTarget "WordValueCalculator" */;
			buildPhases = (
				75532C7027E86D6900340227 /* Sources */,
				75532C7127E86D6900340227 /* Frameworks */,
				75532C7227E86D6900340227 /* Resources */,
			);
			buildRules = (
			);
			dependencies = (
			);
			name = WordValueCalculator;
			productName = WordValueCalculator;
			productReference = 75532C7427E86D6900340227 /* WordValueCalculator.app */;
			productType = "com.apple.product-type.application";
		};
		75532C8C27E86D6B00340227 /* WordValueCalculatorTests */ = {
			isa = PBXNativeTarget;
			buildConfigurationList = 75532CA427E86D6B00340227 /* Build configuration list for PBXNativeTarget "WordValueCalculatorTests" */;
			buildPhases = (
				75532C8927E86D6B00340227 /* Sources */,
				75532C8A27E86D6B00340227 /* Frameworks */,
				75532C8B27E86D6B00340227 /* Resources */,
			);
			buildRules = (
			);
			dependencies = (
				75532C8F27E86D6B00340227 /* PBXTargetDependency */,
			);
			name = WordValueCalculatorTests;
			productName = WordValueCalculatorTests;
			productReference = 75532C8D27E86D6B00340227 /* WordValueCalculatorTests.xctest */;
			productType = "com.apple.product-type.bundle.unit-test";
		};
		75532C9627E86D6B00340227 /* WordValueCalculatorUITests */ = {
			isa = PBXNativeTarget;
			buildConfigurationList = 75532CA727E86D6B00340227 /* Build configuration list for PBXNativeTarget "WordValueCalculatorUITests" */;
			buildPhases = (
				75532C9327E86D6B00340227 /* Sources */,
				75532C9427E86D6B00340227 /* Frameworks */,
				75532C9527E86D6B00340227 /* Resources */,
			);
			buildRules = (
			);
			dependencies = (
				75532C9927E86D6B00340227 /* PBXTargetDependency */,
			);
			name = WordValueCalculatorUITests;
			productName = WordValueCalculatorUITests;
			productReference = 75532C9727E86D6B00340227 /* WordValueCalculatorUITests.xctest */;
			productType = "com.apple.product-type.bundle.ui-testing";
		};
/* End PBXNativeTarget section */

/* Begin PBXProject section */
		75532C6C27E86D6900340227 /* Project object */ = {
			isa = PBXProject;
			attributes = {
				BuildIndependentTargetsInParallel = 1;
				LastSwiftUpdateCheck = 1320;
				LastUpgradeCheck = 1320;
				TargetAttributes = {
					75532C7327E86D6900340227 = {
						CreatedOnToolsVersion = 13.2.1;
					};
					75532C8C27E86D6B00340227 = {
						CreatedOnToolsVersion = 13.2.1;
						TestTargetID = 75532C7327E86D6900340227;
					};
					75532C9627E86D6B00340227 = {
						CreatedOnToolsVersion = 13.2.1;
						TestTargetID = 75532C7327E86D6900340227;
					};
				};
			};
			buildConfigurationList = 75532C6F27E86D6900340227 /* Build configuration list for PBXProject "WordValueCalculator" */;
			compatibilityVersion = "Xcode 13.0";
			developmentRegion = en;
			hasScannedForEncodings = 0;
			knownRegions = (
				en,
				Base,
			);
			mainGroup = 75532C6B27E86D6900340227;
			productRefGroup = 75532C7527E86D6900340227 /* Products */;
			projectDirPath = "";
			projectRoot = "";
			targets = (
				75532C7327E86D6900340227 /* WordValueCalculator */,
				75532C8C27E86D6B00340227 /* WordValueCalculatorTests */,
				75532C9627E86D6B00340227 /* WordValueCalculatorUITests */,
			);
		};
/* End PBXProject section */

/* Begin PBXResourcesBuildPhase section */
		75532C7227E86D6900340227 /* Resources */ = {
			isa = PBXResourcesBuildPhase;
			buildActionMask = 2147483647;
			files = (
				75532C8727E86D6B00340227 /* LaunchScreen.storyboard in Resources */,
				75532C8427E86D6B00340227 /* Assets.xcassets in Resources */,
				75532C7F27E86D6900340227 /* Main.storyboard in Resources */,
			);
			runOnlyForDeploymentPostprocessing = 0;
		};
		75532C8B27E86D6B00340227 /* Resources */ = {
			isa = PBXResourcesBuildPhase;
			buildActionMask = 2147483647;
			files = (
			);
			runOnlyForDeploymentPostprocessing = 0;
		};
		75532C9527E86D6B00340227 /* Resources */ = {
			isa = PBXResourcesBuildPhase;
			buildActionMask = 2147483647;
			files = (
			);
			runOnlyForDeploymentPostprocessing = 0;
		};
/* End PBXResourcesBuildPhase section */

/* Begin PBXSourcesBuildPhase section */
		75532C7027E86D6900340227 /* Sources */ = {
			isa = PBXSourcesBuildPhase;
			buildActionMask = 2147483647;
			files = (
				75532C7C27E86D6900340227 /* ViewController.swift in Sources */,
				75532C7827E86D6900340227 /* AppDelegate.swift in Sources */,
				75532C8227E86D6900340227 /* WordValueCalculator.xcdatamodeld in Sources */,
				75532C7A27E86D6900340227 /* SceneDelegate.swift in Sources */,
			);
			runOnlyForDeploymentPostprocessing = 0;
		};
		75532C8927E86D6B00340227 /* Sources */ = {
			isa = PBXSourcesBuildPhase;
			buildActionMask = 2147483647;
			files = (
				75532C9227E86D6B00340227 /* WordValueCalculatorTests.swift in Sources */,
			);
			runOnlyForDeploymentPostprocessing = 0;
		};
		75532C9327E86D6B00340227 /* Sources */ = {
			isa = PBXSourcesBuildPhase;
			buildActionMask = 2147483647;
			files = (
				75532C9E27E86D6B00340227 /* WordValueCalculatorUITestsLaunchTests.swift in Sources */,
				75532C9C27E86D6B00340227 /* WordValueCalculatorUITests.swift in Sources */,
			);
			runOnlyForDeploymentPostprocessing = 0;
		};
/* End PBXSourcesBuildPhase section */

/* Begin PBXTargetDependency section */
		75532C8F27E86D6B00340227 /* PBXTargetDependency */ = {
			isa = PBXTargetDependency;
			target = 75532C7327E86D6900340227 /* WordValueCalculator */;
			targetProxy = 75532C8E27E86D6B00340227 /* PBXContainerItemProxy */;
		};
		75532C9927E86D6B00340227 /* PBXTargetDependency */ = {
			isa = PBXTargetDependency;
			target = 75532C7327E86D6900340227 /* WordValueCalculator */;
			targetProxy = 75532C9827E86D6B00340227 /* PBXContainerItemProxy */;
		};
/* End PBXTargetDependency section */

/* Begin PBXVariantGroup section */
		75532C7D27E86D6900340227 /* Main.storyboard */ = {
			isa = PBXVariantGroup;
			children = (
				75532C7E27E86D6900340227 /* Base */,
			);
			name = Main.storyboard;
			sourceTree = "<group>";
		};
		75532C8527E86D6B00340227 /* LaunchScreen.storyboard */ = {
			isa = PBXVariantGroup;
			children = (
				75532C8627E86D6B00340227 /* Base */,
			);
			name = LaunchScreen.storyboard;
			sourceTree = "<group>";
		};
/* End PBXVariantGroup section */

/* Begin XCBuildConfiguration section */
		75532C9F27E86D6B00340227 /* Debug */ = {
			isa = XCBuildConfiguration;
			buildSettings = {
				ALWAYS_SEARCH_USER_PATHS = NO;
				CLANG_ANALYZER_NONNULL = YES;
				CLANG_ANALYZER_NUMBER_OBJECT_CONVERSION = YES_AGGRESSIVE;
				CLANG_CXX_LANGUAGE_STANDARD = "gnu++17";
				CLANG_CXX_LIBRARY = "libc++";
				CLANG_ENABLE_MODULES = YES;
				CLANG_ENABLE_OBJC_ARC = YES;
				CLANG_ENABLE_OBJC_WEAK = YES;
				CLANG_WARN_BLOCK_CAPTURE_AUTORELEASING = YES;
				CLANG_WARN_BOOL_CONVERSION = YES;
				CLANG_WARN_COMMA = YES;
				CLANG_WARN_CONSTANT_CONVERSION = YES;
				CLANG_WARN_DEPRECATED_OBJC_IMPLEMENTATIONS = YES;
				CLANG_WARN_DIRECT_OBJC_ISA_USAGE = YES_ERROR;
				CLANG_WARN_DOCUMENTATION_COMMENTS = YES;
				CLANG_WARN_EMPTY_BODY = YES;
				CLANG_WARN_ENUM_CONVERSION = YES;
				CLANG_WARN_INFINITE_RECURSION = YES;
				CLANG_WARN_INT_CONVERSION = YES;
				CLANG_WARN_NON_LITERAL_NULL_CONVERSION = YES;
				CLANG_WARN_OBJC_IMPLICIT_RETAIN_SELF = YES;
				CLANG_WARN_OBJC_LITERAL_CONVERSION = YES;
				CLANG_WARN_OBJC_ROOT_CLASS = YES_ERROR;
				CLANG_WARN_QUOTED_INCLUDE_IN_FRAMEWORK_HEADER = YES;
				CLANG_WARN_RANGE_LOOP_ANALYSIS = YES;
				CLANG_WARN_STRICT_PROTOTYPES = YES;
				CLANG_WARN_SUSPICIOUS_MOVE = YES;
				CLANG_WARN_UNGUARDED_AVAILABILITY = YES_AGGRESSIVE;
				CLANG_WARN_UNREACHABLE_CODE = YES;
				CLANG_WARN__DUPLICATE_METHOD_MATCH = YES;
				COPY_PHASE_STRIP = NO;
				DEBUG_INFORMATION_FORMAT = dwarf;
				ENABLE_STRICT_OBJC_MSGSEND = YES;
				ENABLE_TESTABILITY = YES;
				GCC_C_LANGUAGE_STANDARD = gnu11;
				GCC_DYNAMIC_NO_PIC = NO;
				GCC_NO_COMMON_BLOCKS = YES;
				GCC_OPTIMIZATION_LEVEL = 0;
				GCC_PREPROCESSOR_DEFINITIONS = (
					"DEBUG=1",
					"$(inherited)",
				);
				GCC_WARN_64_TO_32_BIT_CONVERSION = YES;
				GCC_WARN_ABOUT_RETURN_TYPE = YES_ERROR;
				GCC_WARN_UNDECLARED_SELECTOR = YES;
				GCC_WARN_UNINITIALIZED_AUTOS = YES_AGGRESSIVE;
				GCC_WARN_UNUSED_FUNCTION = YES;
				GCC_WARN_UNUSED_VARIABLE = YES;
				IPHONEOS_DEPLOYMENT_TARGET = 15.2;
				MTL_ENABLE_DEBUG_INFO = INCLUDE_SOURCE;
				MTL_FAST_MATH = YES;
				ONLY_ACTIVE_ARCH = YES;
				SDKROOT = iphoneos;
				SWIFT_ACTIVE_COMPILATION_CONDITIONS = DEBUG;
				SWIFT_OPTIMIZATION_LEVEL = "-Onone";
			};
			name = Debug;
		};
		75532CA027E86D6B00340227 /* Release */ = {
			isa = XCBuildConfiguration;
			buildSettings = {
				ALWAYS_SEARCH_USER_PATHS = NO;
				CLANG_ANALYZER_NONNULL = YES;
				CLANG_ANALYZER_NUMBER_OBJECT_CONVERSION = YES_AGGRESSIVE;
				CLANG_CXX_LANGUAGE_STANDARD = "gnu++17";
				CLANG_CXX_LIBRARY = "libc++";
				CLANG_ENABLE_MODULES = YES;
				CLANG_ENABLE_OBJC_ARC = YES;
				CLANG_ENABLE_OBJC_WEAK = YES;
				CLANG_WARN_BLOCK_CAPTURE_AUTORELEASING = YES;
				CLANG_WARN_BOOL_CONVERSION = YES;
				CLANG_WARN_COMMA = YES;
				CLANG_WARN_CONSTANT_CONVERSION = YES;
				CLANG_WARN_DEPRECATED_OBJC_IMPLEMENTATIONS = YES;
				CLANG_WARN_DIRECT_OBJC_ISA_USAGE = YES_ERROR;
				CLANG_WARN_DOCUMENTATION_COMMENTS = YES;
				CLANG_WARN_EMPTY_BODY = YES;
				CLANG_WARN_ENUM_CONVERSION = YES;
				CLANG_WARN_INFINITE_RECURSION = YES;
				CLANG_WARN_INT_CONVERSION = YES;
				CLANG_WARN_NON_LITERAL_NULL_CONVERSION = YES;
				CLANG_WARN_OBJC_IMPLICIT_RETAIN_SELF = YES;
				CLANG_WARN_OBJC_LITERAL_CONVERSION = YES;
				CLANG_WARN_OBJC_ROOT_CLASS = YES_ERROR;
				CLANG_WARN_QUOTED_INCLUDE_IN_FRAMEWORK_HEADER = YES;
				CLANG_WARN_RANGE_LOOP_ANALYSIS = YES;
				CLANG_WARN_STRICT_PROTOTYPES = YES;
				CLANG_WARN_SUSPICIOUS_MOVE = YES;
				CLANG_WARN_UNGUARDED_AVAILABILITY = YES_AGGRESSIVE;
				CLANG_WARN_UNREACHABLE_CODE = YES;
				CLANG_WARN__DUPLICATE_METHOD_MATCH = YES;
				COPY_PHASE_STRIP = NO;
				DEBUG_INFORMATION_FORMAT = "dwarf-with-dsym";
				ENABLE_NS_ASSERTIONS = NO;
				ENABLE_STRICT_OBJC_MSGSEND = YES;
				GCC_C_LANGUAGE_STANDARD = gnu11;
				GCC_NO_COMMON_BLOCKS = YES;
				GCC_WARN_64_TO_32_BIT_CONVERSION = YES;
				GCC_WARN_ABOUT_RETURN_TYPE = YES_ERROR;
				GCC_WARN_UNDECLARED_SELECTOR = YES;
				GCC_WARN_UNINITIALIZED_AUTOS = YES_AGGRESSIVE;
				GCC_WARN_UNUSED_FUNCTION = YES;
				GCC_WARN_UNUSED_VARIABLE = YES;
				IPHONEOS_DEPLOYMENT_TARGET = 15.2;
				MTL_ENABLE_DEBUG_INFO = NO;
				MTL_FAST_MATH = YES;
				SDKROOT = iphoneos;
				SWIFT_COMPILATION_MODE = wholemodule;
				SWIFT_OPTIMIZATION_LEVEL = "-O";
				VALIDATE_PRODUCT = YES;
			};
			name = Release;
		};
		75532CA227E86D6B00340227 /* Debug */ = {
			isa = XCBuildConfiguration;
			buildSettings = {
				ASSETCATALOG_COMPILER_APPICON_NAME = AppIcon;
				ASSETCATALOG_COMPILER_GLOBAL_ACCENT_COLOR_NAME = AccentColor;
				CODE_SIGN_STYLE = Automatic;
				CURRENT_PROJECT_VERSION = 1;
				DEVELOPMENT_TEAM = F3567NMCWM;
				GENERATE_INFOPLIST_FILE = YES;
				INFOPLIST_FILE = WordValueCalculator/Info.plist;
				INFOPLIST_KEY_UIApplicationSupportsIndirectInputEvents = YES;
				INFOPLIST_KEY_UILaunchStoryboardName = LaunchScreen;
				INFOPLIST_KEY_UIMainStoryboardFile = Main;
				INFOPLIST_KEY_UISupportedInterfaceOrientations_iPad = "UIInterfaceOrientationPortrait UIInterfaceOrientationPortraitUpsideDown UIInterfaceOrientationLandscapeLeft UIInterfaceOrientationLandscapeRight";
				INFOPLIST_KEY_UISupportedInterfaceOrientations_iPhone = "UIInterfaceOrientationPortrait UIInterfaceOrientationLandscapeLeft UIInterfaceOrientationLandscapeRight";
				LD_RUNPATH_SEARCH_PATHS = (
					"$(inherited)",
					"@executable_path/Frameworks",
				);
				MARKETING_VERSION = 1.0;
				PRODUCT_BUNDLE_IDENTIFIER = yashrrajsood.WordValueCalculator;
				PRODUCT_NAME = "$(TARGET_NAME)";
				SWIFT_EMIT_LOC_STRINGS = YES;
				SWIFT_VERSION = 5.0;
				TARGETED_DEVICE_FAMILY = "1,2";
			};
			name = Debug;
		};
		75532CA327E86D6B00340227 /* Release */ = {
			isa = XCBuildConfiguration;
			buildSettings = {
				ASSETCATALOG_COMPILER_APPICON_NAME = AppIcon;
				ASSETCATALOG_COMPILER_GLOBAL_ACCENT_COLOR_NAME = AccentColor;
				CODE_SIGN_STYLE = Automatic;
				CURRENT_PROJECT_VERSION = 1;
				DEVELOPMENT_TEAM = F3567NMCWM;
				GENERATE_INFOPLIST_FILE = YES;
				INFOPLIST_FILE = WordValueCalculator/Info.plist;
				INFOPLIST_KEY_UIApplicationSupportsIndirectInputEvents = YES;
				INFOPLIST_KEY_UILaunchStoryboardName = LaunchScreen;
				INFOPLIST_KEY_UIMainStoryboardFile = Main;
				INFOPLIST_KEY_UISupportedInterfaceOrientations_iPad = "UIInterfaceOrientationPortrait UIInterfaceOrientationPortraitUpsideDown UIInterfaceOrientationLandscapeLeft UIInterfaceOrientationLandscapeRight";
				INFOPLIST_KEY_UISupportedInterfaceOrientations_iPhone = "UIInterfaceOrientationPortrait UIInterfaceOrientationLandscapeLeft UIInterfaceOrientationLandscapeRight";
				LD_RUNPATH_SEARCH_PATHS = (
					"$(inherited)",
					"@executable_path/Frameworks",
				);
				MARKETING_VERSION = 1.0;
				PRODUCT_BUNDLE_IDENTIFIER = yashrrajsood.WordValueCalculator;
				PRODUCT_NAME = "$(TARGET_NAME)";
				SWIFT_EMIT_LOC_STRINGS = YES;
				SWIFT_VERSION = 5.0;
				TARGETED_DEVICE_FAMILY = "1,2";
			};
			name = Release;
		};
		75532CA527E86D6B00340227 /* Debug */ = {
			isa = XCBuildConfiguration;
			buildSettings = {
				ALWAYS_EMBED_SWIFT_STANDARD_LIBRARIES = YES;
				BUNDLE_LOADER = "$(TEST_HOST)";
				CODE_SIGN_STYLE = Automatic;
				CURRENT_PROJECT_VERSION = 1;
				DEVELOPMENT_TEAM = F3567NMCWM;
				GENERATE_INFOPLIST_FILE = YES;
				IPHONEOS_DEPLOYMENT_TARGET = 15.2;
				MARKETING_VERSION = 1.0;
				PRODUCT_BUNDLE_IDENTIFIER = yashrrajsood.WordValueCalculatorTests;
				PRODUCT_NAME = "$(TARGET_NAME)";
				SWIFT_EMIT_LOC_STRINGS = NO;
				SWIFT_VERSION = 5.0;
				TARGETED_DEVICE_FAMILY = "1,2";
				TEST_HOST = "$(BUILT_PRODUCTS_DIR)/WordValueCalculator.app/WordValueCalculator";
			};
			name = Debug;
		};
		75532CA627E86D6B00340227 /* Release */ = {
			isa = XCBuildConfiguration;
			buildSettings = {
				ALWAYS_EMBED_SWIFT_STANDARD_LIBRARIES = YES;
				BUNDLE_LOADER = "$(TEST_HOST)";
				CODE_SIGN_STYLE = Automatic;
				CURRENT_PROJECT_VERSION = 1;
				DEVELOPMENT_TEAM = F3567NMCWM;
				GENERATE_INFOPLIST_FILE = YES;
				IPHONEOS_DEPLOYMENT_TARGET = 15.2;
				MARKETING_VERSION = 1.0;
				PRODUCT_BUNDLE_IDENTIFIER = yashrrajsood.WordValueCalculatorTests;
				PRODUCT_NAME = "$(TARGET_NAME)";
				SWIFT_EMIT_LOC_STRINGS = NO;
				SWIFT_VERSION = 5.0;
				TARGETED_DEVICE_FAMILY = "1,2";
				TEST_HOST = "$(BUILT_PRODUCTS_DIR)/WordValueCalculator.app/WordValueCalculator";
			};
			name = Release;
		};
		75532CA827E86D6B00340227 /* Debug */ = {
			isa = XCBuildConfiguration;
			buildSettings = {
				ALWAYS_EMBED_SWIFT_STANDARD_LIBRARIES = YES;
				CODE_SIGN_STYLE = Automatic;
				CURRENT_PROJECT_VERSION = 1;
				DEVELOPMENT_TEAM = F3567NMCWM;
				GENERATE_INFOPLIST_FILE = YES;
				MARKETING_VERSION = 1.0;
				PRODUCT_BUNDLE_IDENTIFIER = yashrrajsood.WordValueCalculatorUITests;
				PRODUCT_NAME = "$(TARGET_NAME)";
				SWIFT_EMIT_LOC_STRINGS = NO;
				SWIFT_VERSION = 5.0;
				TARGETED_DEVICE_FAMILY = "1,2";
				TEST_TARGET_NAME = WordValueCalculator;
			};
			name = Debug;
		};
		75532CA927E86D6B00340227 /* Release */ = {
			isa = XCBuildConfiguration;
			buildSettings = {
				ALWAYS_EMBED_SWIFT_STANDARD_LIBRARIES = YES;
				CODE_SIGN_STYLE = Automatic;
				CURRENT_PROJECT_VERSION = 1;
				DEVELOPMENT_TEAM = F3567NMCWM;
				GENERATE_INFOPLIST_FILE = YES;
				MARKETING_VERSION = 1.0;
				PRODUCT_BUNDLE_IDENTIFIER = yashrrajsood.WordValueCalculatorUITests;
				PRODUCT_NAME = "$(TARGET_NAME)";
				SWIFT_EMIT_LOC_STRINGS = NO;
				SWIFT_VERSION = 5.0;
				TARGETED_DEVICE_FAMILY = "1,2";
				TEST_TARGET_NAME = WordValueCalculator;
			};
			name = Release;
		};
/* End XCBuildConfiguration section */

/* Begin XCConfigurationList section */
		75532C6F27E86D6900340227 /* Build configuration list for PBXProject "WordValueCalculator" */ = {
			isa = XCConfigurationList;
			buildConfigurations = (
				75532C9F27E86D6B00340227 /* Debug */,
				75532CA027E86D6B00340227 /* Release */,
			);
			defaultConfigurationIsVisible = 0;
			defaultConfigurationName = Release;
		};
		75532CA127E86D6B00340227 /* Build configuration list for PBXNativeTarget "WordValueCalculator" */ = {
			isa = XCConfigurationList;
			buildConfigurations = (
				75532CA227E86D6B00340227 /* Debug */,
				75532CA327E86D6B00340227 /* Release */,
			);
			defaultConfigurationIsVisible = 0;
			defaultConfigurationName = Release;
		};
		75532CA427E86D6B00340227 /* Build configuration list for PBXNativeTarget "WordValueCalculatorTests" */ = {
			isa = XCConfigurationList;
			buildConfigurations = (
				75532CA527E86D6B00340227 /* Debug */,
				75532CA627E86D6B00340227 /* Release */,
			);
			defaultConfigurationIsVisible = 0;
			defaultConfigurationName = Release;
		};
		75532CA727E86D6B00340227 /* Build configuration list for PBXNativeTarget "WordValueCalculatorUITests" */ = {
			isa = XCConfigurationList;
			buildConfigurations = (
				75532CA827E86D6B00340227 /* Debug */,
				75532CA927E86D6B00340227 /* Release */,
			);
			defaultConfigurationIsVisible = 0;
			defaultConfigurationName = Release;
		};
/* End XCConfigurationList section */

/* Begin XCVersionGroup section */
		75532C8027E86D6900340227 /* WordValueCalculator.xcdatamodeld */ = {
			isa = XCVersionGroup;
			children = (
				75532C8127E86D6900340227 /* WordValueCalculator.xcdatamodel */,
			);
			currentVersion = 75532C8127E86D6900340227 /* WordValueCalculator.xcdatamodel */;
			path = WordValueCalculator.xcdatamodeld;
			sourceTree = "<group>";
			versionGroupType = wrapper.xcdatamodel;
		};
/* End XCVersionGroup section */
	};
	rootObject = 75532C6C27E86D6900340227 /* Project object */;
}
